
Microsoft Visual Studio Solution File, Format Version 12.00
# Visual Studio 14
VisualStudioVersion = 14.0.25420.1
MinimumVisualStudioVersion = 10.0.40219.1
Project("{FAE04EC0-301F-11D3-BF4B-00C04F79EFBC}") = "WebApiViva2", "WebApiViva2\WebApiViva2.csproj", "{B0FE9A7C-2B94-41B7-B73C-0222F5565E0F}"
EndProject
Project("{FAE04EC0-301F-11D3-BF4B-00C04F79EFBC}") = "VIva2DataAccess", "VIva2DataAccess\VIva2DataAccess.csproj", "{5070E98B-6178-4D69-873A-26F37B4BDC9B}"
EndProject
Project("{FAE04EC0-301F-11D3-BF4B-00C04F79EFBC}") = "viva2_client", "..\viva2_client\viva2_client.csproj", "{83A31709-9A42-43DF-A784-224E8933BEB3}"
EndProject
Global
	GlobalSection(SolutionConfigurationPlatforms) = preSolution
		Debug|Any CPU = Debug|Any CPU
		Release|Any CPU = Release|Any CPU
	EndGlobalSection
	GlobalSection(ProjectConfigurationPlatforms) = postSolution
		{B0FE9A7C-2B94-41B7-B73C-0222F5565E0F}.Debug|Any CPU.ActiveCfg = Debug|Any CPU
		{B0FE9A7C-2B94-41B7-B73C-0222F5565E0F}.Debug|Any CPU.Build.0 = Debug|Any CPU
		{B0FE9A7C-2B94-41B7-B73C-0222F5565E0F}.Release|Any CPU.ActiveCfg = Release|Any CPU
		{B0FE9A7C-2B94-41B7-B73C-0222F5565E0F}.Release|Any CPU.Build.0 = Release|Any CPU
		{5070E98B-6178-4D69-873A-26F37B4BDC9B}.Debug|Any CPU.ActiveCfg = Debug|Any CPU
		{5070E98B-6178-4D69-873A-26F37B4BDC9B}.Debug|Any CPU.Build.0 = Debug|Any CPU
		{5070E98B-6178-4D69-873A-26F37B4BDC9B}.Release|Any CPU.ActiveCfg = Release|Any CPU
		{5070E98B-6178-4D69-873A-26F37B4BDC9B}.Release|Any CPU.Build.0 = Release|Any CPU
		{83A31709-9A42-43DF-A784-224E8933BEB3}.Debug|Any CPU.ActiveCfg = Debug|Any CPU
		{83A31709-9A42-43DF-A784-224E8933BEB3}.Debug|Any CPU.Build.0 = Debug|Any CPU
		{83A31709-9A42-43DF-A784-224E8933BEB3}.Release|Any CPU.ActiveCfg = Release|Any CPU
		{83A31709-9A42-43DF-A784-224E8933BEB3}.Release|Any CPU.Build.0 = Release|Any CPU
	EndGlobalSection
	GlobalSection(SolutionProperties) = preSolution
		HideSolutionNode = FALSE
	EndGlobalSection
EndGlobal
